// !$*UTF8*$!
{
	archiveVersion = 1;
	classes = {
	};
	objectVersion = 56;
	objects = {

/* Begin PBXBuildFile section */
		090649232A66E225007FFE24 /* Assets.xcassets in Resources */ = {isa = PBXBuildFile; fileRef = 094BCCD02A5FEC0E0012A404 /* Assets.xcassets */; };
		0924164B2A6F92E20084E415 /* Alamofire in Frameworks */ = {isa = PBXBuildFile; productRef = 0924164A2A6F92E20084E415 /* Alamofire */; };
		0924164E2A6F92F50084E415 /* SnapKit in Frameworks */ = {isa = PBXBuildFile; productRef = 0924164D2A6F92F50084E415 /* SnapKit */; };
		092416512A6F93030084E415 /* Then in Frameworks */ = {isa = PBXBuildFile; productRef = 092416502A6F93030084E415 /* Then */; };
		092416622A6F94C70084E415 /* Kingfisher in Frameworks */ = {isa = PBXBuildFile; productRef = 092416612A6F94C70084E415 /* Kingfisher */; };
		092416692A6F95C10084E415 /* ImageSlideshow in Frameworks */ = {isa = PBXBuildFile; productRef = 092416682A6F95C10084E415 /* ImageSlideshow */; };
		0924166B2A6F95C10084E415 /* ImageSlideshow/Alamofire in Frameworks */ = {isa = PBXBuildFile; productRef = 0924166A2A6F95C10084E415 /* ImageSlideshow/Alamofire */; };
		0924166D2A6F95C10084E415 /* ImageSlideshow/Kingfisher in Frameworks */ = {isa = PBXBuildFile; productRef = 0924166C2A6F95C10084E415 /* ImageSlideshow/Kingfisher */; };
		0924166F2A6FFA0C0084E415 /* reportModel.swift in Sources */ = {isa = PBXBuildFile; fileRef = 0924166E2A6FFA0C0084E415 /* reportModel.swift */; };
		092416712A6FFFC70084E415 /* DropDownTableViewCell.swift in Sources */ = {isa = PBXBuildFile; fileRef = 092416702A6FFFC70084E415 /* DropDownTableViewCell.swift */; };
		092EFFBD2A778E9900E0DA90 /* DetailBrandViewController.swift in Sources */ = {isa = PBXBuildFile; fileRef = 092EFFBC2A778E9900E0DA90 /* DetailBrandViewController.swift */; };
		093396F72A76A314003B8C7A /* DetailAccordViewController.swift in Sources */ = {isa = PBXBuildFile; fileRef = 093396F62A76A314003B8C7A /* DetailAccordViewController.swift */; };
		094BCCC82A5FEC0B0012A404 /* AppDelegate.swift in Sources */ = {isa = PBXBuildFile; fileRef = 094BCCC72A5FEC0B0012A404 /* AppDelegate.swift */; };
		094BCCCA2A5FEC0B0012A404 /* SceneDelegate.swift in Sources */ = {isa = PBXBuildFile; fileRef = 094BCCC92A5FEC0B0012A404 /* SceneDelegate.swift */; };
		094BCCD42A5FEC0E0012A404 /* LaunchScreen.storyboard in Resources */ = {isa = PBXBuildFile; fileRef = 094BCCD22A5FEC0E0012A404 /* LaunchScreen.storyboard */; };
		094BCCE12A5FF2290012A404 /* HomeViewController.swift in Sources */ = {isa = PBXBuildFile; fileRef = 094BCCE02A5FF2290012A404 /* HomeViewController.swift */; };
		094BCCE92A5FF37B0012A404 /* Colors.swift in Sources */ = {isa = PBXBuildFile; fileRef = 094BCCE82A5FF37B0012A404 /* Colors.swift */; };
		094BCCEB2A6003650012A404 /* TabController.swift in Sources */ = {isa = PBXBuildFile; fileRef = 094BCCEA2A6003650012A404 /* TabController.swift */; };
		094BCCED2A60043C0012A404 /* MyInfoViewController.swift in Sources */ = {isa = PBXBuildFile; fileRef = 094BCCEC2A60043C0012A404 /* MyInfoViewController.swift */; };
		094BCCEF2A60045A0012A404 /* WishListViewController.swift in Sources */ = {isa = PBXBuildFile; fileRef = 094BCCEE2A60045A0012A404 /* WishListViewController.swift */; };
		094BCCFC2A6123F30012A404 /* BannerAdModel.swift in Sources */ = {isa = PBXBuildFile; fileRef = 094BCCFB2A6123F30012A404 /* BannerAdModel.swift */; };
		094BCD072A613AD60012A404 /* SUIT-Light.ttf in Resources */ = {isa = PBXBuildFile; fileRef = 094BCCFE2A613AD50012A404 /* SUIT-Light.ttf */; };
		094BCD082A613AD60012A404 /* SUIT-Regular.ttf in Resources */ = {isa = PBXBuildFile; fileRef = 094BCCFF2A613AD50012A404 /* SUIT-Regular.ttf */; };
		094BCD092A613AD60012A404 /* SUIT-SemiBold.ttf in Resources */ = {isa = PBXBuildFile; fileRef = 094BCD002A613AD60012A404 /* SUIT-SemiBold.ttf */; };
		094BCD0A2A613AD60012A404 /* SUIT-Thin.ttf in Resources */ = {isa = PBXBuildFile; fileRef = 094BCD012A613AD60012A404 /* SUIT-Thin.ttf */; };
		094BCD0B2A613AD60012A404 /* SUIT-Medium.ttf in Resources */ = {isa = PBXBuildFile; fileRef = 094BCD022A613AD60012A404 /* SUIT-Medium.ttf */; };
		094BCD0C2A613AD60012A404 /* SUIT-ExtraLight.ttf in Resources */ = {isa = PBXBuildFile; fileRef = 094BCD032A613AD60012A404 /* SUIT-ExtraLight.ttf */; };
		094BCD0D2A613AD60012A404 /* SUIT-ExtraBold.ttf in Resources */ = {isa = PBXBuildFile; fileRef = 094BCD042A613AD60012A404 /* SUIT-ExtraBold.ttf */; };
		094BCD0E2A613AD60012A404 /* SUIT-Bold.ttf in Resources */ = {isa = PBXBuildFile; fileRef = 094BCD052A613AD60012A404 /* SUIT-Bold.ttf */; };
		094BCD0F2A613AD60012A404 /* SUIT-Heavy.ttf in Resources */ = {isa = PBXBuildFile; fileRef = 094BCD062A613AD60012A404 /* SUIT-Heavy.ttf */; };
		094BCD112A613B8B0012A404 /* Fonts.swift in Sources */ = {isa = PBXBuildFile; fileRef = 094BCD102A613B8B0012A404 /* Fonts.swift */; };
		094BCD132A6142610012A404 /* HomeRecommendCollectionViewCell.swift in Sources */ = {isa = PBXBuildFile; fileRef = 094BCD122A6142610012A404 /* HomeRecommendCollectionViewCell.swift */; };
		0960798C2A8D0ADB00C7DFBA /* DetailPerfumeView.swift in Sources */ = {isa = PBXBuildFile; fileRef = 0960798B2A8D0ADB00C7DFBA /* DetailPerfumeView.swift */; };
		0966E10F2A7143660083BF1C /* AccordtubeViewController.swift in Sources */ = {isa = PBXBuildFile; fileRef = 0966E10E2A7143660083BF1C /* AccordtubeViewController.swift */; };
		098CDB9F2A88F582008774B7 /* HomeView.swift in Sources */ = {isa = PBXBuildFile; fileRef = 098CDB9E2A88F582008774B7 /* HomeView.swift */; };
		098F80C12A63202300F1E70A /* DetailPerfumeViewController.swift in Sources */ = {isa = PBXBuildFile; fileRef = 098F80C02A63202300F1E70A /* DetailPerfumeViewController.swift */; };
		0999E2BE2A62B775002042EF /* BrandCollectionViewCell.swift in Sources */ = {isa = PBXBuildFile; fileRef = 0999E2BD2A62B775002042EF /* BrandCollectionViewCell.swift */; };
		0999E2C02A62C1DA002042EF /* AccordCollectionViewCell.swift in Sources */ = {isa = PBXBuildFile; fileRef = 0999E2BF2A62C1DA002042EF /* AccordCollectionViewCell.swift */; };
		0999E2C42A62C949002042EF /* BrandService.swift in Sources */ = {isa = PBXBuildFile; fileRef = 0999E2C32A62C949002042EF /* BrandService.swift */; };
		0999E2C62A62C954002042EF /* PerfumeService.swift in Sources */ = {isa = PBXBuildFile; fileRef = 0999E2C52A62C954002042EF /* PerfumeService.swift */; };
		0999E2C82A62C95E002042EF /* AccordService.swift in Sources */ = {isa = PBXBuildFile; fileRef = 0999E2C72A62C95E002042EF /* AccordService.swift */; };
		0999E2CC2A62CA02002042EF /* APIConstants.swift in Sources */ = {isa = PBXBuildFile; fileRef = 0999E2CB2A62CA02002042EF /* APIConstants.swift */; };
		09B759872A652B53008452A3 /* ReportPopupViewController.swift in Sources */ = {isa = PBXBuildFile; fileRef = 09B759862A652B53008452A3 /* ReportPopupViewController.swift */; };
		09D5FE2A2A9497A20082EB28 /* BaseViewController.swift in Sources */ = {isa = PBXBuildFile; fileRef = 09D5FE292A9497A20082EB28 /* BaseViewController.swift */; };
		09D5FE2C2A949DEF0082EB28 /* CustomNaviBar.swift in Sources */ = {isa = PBXBuildFile; fileRef = 09D5FE2B2A949DEF0082EB28 /* CustomNaviBar.swift */; };
		09D5FE2E2A949E4C0082EB28 /* BaseView.swift in Sources */ = {isa = PBXBuildFile; fileRef = 09D5FE2D2A949E4C0082EB28 /* BaseView.swift */; };
		09F7D6AD2A7CC4FE001645AA /* brandModel.swift in Sources */ = {isa = PBXBuildFile; fileRef = 09F7D6AC2A7CC4FE001645AA /* brandModel.swift */; };
		09F7D6AF2A7CC52C001645AA /* perfumeModel.swift in Sources */ = {isa = PBXBuildFile; fileRef = 09F7D6AE2A7CC52C001645AA /* perfumeModel.swift */; };
		09F7D6B12A7CC553001645AA /* accordModel.swift in Sources */ = {isa = PBXBuildFile; fileRef = 09F7D6B02A7CC553001645AA /* accordModel.swift */; };
		09F7D6B32A7CCAED001645AA /* BrandtubeViewController.swift in Sources */ = {isa = PBXBuildFile; fileRef = 09F7D6B22A7CCAED001645AA /* BrandtubeViewController.swift */; };
/* End PBXBuildFile section */

/* Begin PBXFileReference section */
		0924166E2A6FFA0C0084E415 /* reportModel.swift */ = {isa = PBXFileReference; lastKnownFileType = sourcecode.swift; path = reportModel.swift; sourceTree = "<group>"; };
		092416702A6FFFC70084E415 /* DropDownTableViewCell.swift */ = {isa = PBXFileReference; lastKnownFileType = sourcecode.swift; path = DropDownTableViewCell.swift; sourceTree = "<group>"; };
		092EFFBC2A778E9900E0DA90 /* DetailBrandViewController.swift */ = {isa = PBXFileReference; lastKnownFileType = sourcecode.swift; path = DetailBrandViewController.swift; sourceTree = "<group>"; };
		093396F62A76A314003B8C7A /* DetailAccordViewController.swift */ = {isa = PBXFileReference; lastKnownFileType = sourcecode.swift; path = DetailAccordViewController.swift; sourceTree = "<group>"; };
		094BCCC42A5FEC0B0012A404 /* Na'nez.app */ = {isa = PBXFileReference; explicitFileType = wrapper.application; includeInIndex = 0; path = "Na'nez.app"; sourceTree = BUILT_PRODUCTS_DIR; };
		094BCCC72A5FEC0B0012A404 /* AppDelegate.swift */ = {isa = PBXFileReference; lastKnownFileType = sourcecode.swift; path = AppDelegate.swift; sourceTree = "<group>"; };
		094BCCC92A5FEC0B0012A404 /* SceneDelegate.swift */ = {isa = PBXFileReference; lastKnownFileType = sourcecode.swift; path = SceneDelegate.swift; sourceTree = "<group>"; };
		094BCCD02A5FEC0E0012A404 /* Assets.xcassets */ = {isa = PBXFileReference; lastKnownFileType = folder.assetcatalog; path = Assets.xcassets; sourceTree = "<group>"; };
		094BCCD32A5FEC0E0012A404 /* Base */ = {isa = PBXFileReference; lastKnownFileType = file.storyboard; name = Base; path = Base.lproj/LaunchScreen.storyboard; sourceTree = "<group>"; };
		094BCCD52A5FEC0E0012A404 /* Info.plist */ = {isa = PBXFileReference; lastKnownFileType = text.plist.xml; path = Info.plist; sourceTree = "<group>"; };
		094BCCE02A5FF2290012A404 /* HomeViewController.swift */ = {isa = PBXFileReference; lastKnownFileType = sourcecode.swift; path = HomeViewController.swift; sourceTree = "<group>"; };
		094BCCE82A5FF37B0012A404 /* Colors.swift */ = {isa = PBXFileReference; lastKnownFileType = sourcecode.swift; path = Colors.swift; sourceTree = "<group>"; };
		094BCCEA2A6003650012A404 /* TabController.swift */ = {isa = PBXFileReference; lastKnownFileType = sourcecode.swift; path = TabController.swift; sourceTree = "<group>"; };
		094BCCEC2A60043C0012A404 /* MyInfoViewController.swift */ = {isa = PBXFileReference; lastKnownFileType = sourcecode.swift; path = MyInfoViewController.swift; sourceTree = "<group>"; };
		094BCCEE2A60045A0012A404 /* WishListViewController.swift */ = {isa = PBXFileReference; lastKnownFileType = sourcecode.swift; path = WishListViewController.swift; sourceTree = "<group>"; };
		094BCCFB2A6123F30012A404 /* BannerAdModel.swift */ = {isa = PBXFileReference; lastKnownFileType = sourcecode.swift; path = BannerAdModel.swift; sourceTree = "<group>"; };
		094BCCFE2A613AD50012A404 /* SUIT-Light.ttf */ = {isa = PBXFileReference; lastKnownFileType = file; path = "SUIT-Light.ttf"; sourceTree = "<group>"; };
		094BCCFF2A613AD50012A404 /* SUIT-Regular.ttf */ = {isa = PBXFileReference; lastKnownFileType = file; path = "SUIT-Regular.ttf"; sourceTree = "<group>"; };
		094BCD002A613AD60012A404 /* SUIT-SemiBold.ttf */ = {isa = PBXFileReference; lastKnownFileType = file; path = "SUIT-SemiBold.ttf"; sourceTree = "<group>"; };
		094BCD012A613AD60012A404 /* SUIT-Thin.ttf */ = {isa = PBXFileReference; lastKnownFileType = file; path = "SUIT-Thin.ttf"; sourceTree = "<group>"; };
		094BCD022A613AD60012A404 /* SUIT-Medium.ttf */ = {isa = PBXFileReference; lastKnownFileType = file; path = "SUIT-Medium.ttf"; sourceTree = "<group>"; };
		094BCD032A613AD60012A404 /* SUIT-ExtraLight.ttf */ = {isa = PBXFileReference; lastKnownFileType = file; path = "SUIT-ExtraLight.ttf"; sourceTree = "<group>"; };
		094BCD042A613AD60012A404 /* SUIT-ExtraBold.ttf */ = {isa = PBXFileReference; lastKnownFileType = file; path = "SUIT-ExtraBold.ttf"; sourceTree = "<group>"; };
		094BCD052A613AD60012A404 /* SUIT-Bold.ttf */ = {isa = PBXFileReference; lastKnownFileType = file; path = "SUIT-Bold.ttf"; sourceTree = "<group>"; };
		094BCD062A613AD60012A404 /* SUIT-Heavy.ttf */ = {isa = PBXFileReference; lastKnownFileType = file; path = "SUIT-Heavy.ttf"; sourceTree = "<group>"; };
		094BCD102A613B8B0012A404 /* Fonts.swift */ = {isa = PBXFileReference; lastKnownFileType = sourcecode.swift; path = Fonts.swift; sourceTree = "<group>"; };
		094BCD122A6142610012A404 /* HomeRecommendCollectionViewCell.swift */ = {isa = PBXFileReference; lastKnownFileType = sourcecode.swift; path = HomeRecommendCollectionViewCell.swift; sourceTree = "<group>"; };
		0960798B2A8D0ADB00C7DFBA /* DetailPerfumeView.swift */ = {isa = PBXFileReference; lastKnownFileType = sourcecode.swift; path = DetailPerfumeView.swift; sourceTree = "<group>"; };
		0966E10E2A7143660083BF1C /* AccordtubeViewController.swift */ = {isa = PBXFileReference; lastKnownFileType = sourcecode.swift; path = AccordtubeViewController.swift; sourceTree = "<group>"; };
		098CDB9E2A88F582008774B7 /* HomeView.swift */ = {isa = PBXFileReference; lastKnownFileType = sourcecode.swift; path = HomeView.swift; sourceTree = "<group>"; };
		098F80C02A63202300F1E70A /* DetailPerfumeViewController.swift */ = {isa = PBXFileReference; lastKnownFileType = sourcecode.swift; path = DetailPerfumeViewController.swift; sourceTree = "<group>"; };
		0999E2BD2A62B775002042EF /* BrandCollectionViewCell.swift */ = {isa = PBXFileReference; lastKnownFileType = sourcecode.swift; path = BrandCollectionViewCell.swift; sourceTree = "<group>"; };
		0999E2BF2A62C1DA002042EF /* AccordCollectionViewCell.swift */ = {isa = PBXFileReference; lastKnownFileType = sourcecode.swift; path = AccordCollectionViewCell.swift; sourceTree = "<group>"; };
		0999E2C32A62C949002042EF /* BrandService.swift */ = {isa = PBXFileReference; lastKnownFileType = sourcecode.swift; path = BrandService.swift; sourceTree = "<group>"; };
		0999E2C52A62C954002042EF /* PerfumeService.swift */ = {isa = PBXFileReference; lastKnownFileType = sourcecode.swift; path = PerfumeService.swift; sourceTree = "<group>"; };
		0999E2C72A62C95E002042EF /* AccordService.swift */ = {isa = PBXFileReference; lastKnownFileType = sourcecode.swift; path = AccordService.swift; sourceTree = "<group>"; };
		0999E2CB2A62CA02002042EF /* APIConstants.swift */ = {isa = PBXFileReference; lastKnownFileType = sourcecode.swift; path = APIConstants.swift; sourceTree = "<group>"; };
		09B759862A652B53008452A3 /* ReportPopupViewController.swift */ = {isa = PBXFileReference; lastKnownFileType = sourcecode.swift; path = ReportPopupViewController.swift; sourceTree = "<group>"; };
		09D5FE292A9497A20082EB28 /* BaseViewController.swift */ = {isa = PBXFileReference; lastKnownFileType = sourcecode.swift; path = BaseViewController.swift; sourceTree = "<group>"; };
		09D5FE2B2A949DEF0082EB28 /* CustomNaviBar.swift */ = {isa = PBXFileReference; lastKnownFileType = sourcecode.swift; path = CustomNaviBar.swift; sourceTree = "<group>"; };
		09D5FE2D2A949E4C0082EB28 /* BaseView.swift */ = {isa = PBXFileReference; lastKnownFileType = sourcecode.swift; path = BaseView.swift; sourceTree = "<group>"; };
		09F7D6AC2A7CC4FE001645AA /* brandModel.swift */ = {isa = PBXFileReference; lastKnownFileType = sourcecode.swift; path = brandModel.swift; sourceTree = "<group>"; };
		09F7D6AE2A7CC52C001645AA /* perfumeModel.swift */ = {isa = PBXFileReference; lastKnownFileType = sourcecode.swift; path = perfumeModel.swift; sourceTree = "<group>"; };
		09F7D6B02A7CC553001645AA /* accordModel.swift */ = {isa = PBXFileReference; lastKnownFileType = sourcecode.swift; path = accordModel.swift; sourceTree = "<group>"; };
		09F7D6B22A7CCAED001645AA /* BrandtubeViewController.swift */ = {isa = PBXFileReference; lastKnownFileType = sourcecode.swift; path = BrandtubeViewController.swift; sourceTree = "<group>"; };
/* End PBXFileReference section */

/* Begin PBXFrameworksBuildPhase section */
		094BCCC12A5FEC0B0012A404 /* Frameworks */ = {
			isa = PBXFrameworksBuildPhase;
			buildActionMask = 2147483647;
			files = (
				0924164E2A6F92F50084E415 /* SnapKit in Frameworks */,
				0924166D2A6F95C10084E415 /* ImageSlideshow/Kingfisher in Frameworks */,
				092416692A6F95C10084E415 /* ImageSlideshow in Frameworks */,
				0924164B2A6F92E20084E415 /* Alamofire in Frameworks */,
				092416622A6F94C70084E415 /* Kingfisher in Frameworks */,
				0924166B2A6F95C10084E415 /* ImageSlideshow/Alamofire in Frameworks */,
				092416512A6F93030084E415 /* Then in Frameworks */,
			);
			runOnlyForDeploymentPostprocessing = 0;
		};
/* End PBXFrameworksBuildPhase section */

/* Begin PBXGroup section */
		093396F52A76A2FF003B8C7A /* BrandUI */ = {
			isa = PBXGroup;
			children = (
				092EFFBC2A778E9900E0DA90 /* DetailBrandViewController.swift */,
				09F7D6B22A7CCAED001645AA /* BrandtubeViewController.swift */,
			);
			path = BrandUI;
			sourceTree = "<group>";
		};
		094BCCBB2A5FEC0B0012A404 = {
			isa = PBXGroup;
			children = (
				094BCCC62A5FEC0B0012A404 /* Na'nez */,
				094BCCC52A5FEC0B0012A404 /* Products */,
			);
			sourceTree = "<group>";
		};
		094BCCC52A5FEC0B0012A404 /* Products */ = {
			isa = PBXGroup;
			children = (
				094BCCC42A5FEC0B0012A404 /* Na'nez.app */,
			);
			name = Products;
			sourceTree = "<group>";
		};
		094BCCC62A5FEC0B0012A404 /* Na'nez */ = {
			isa = PBXGroup;
			children = (
				094BCCDB2A5FEE400012A404 /* Services */,
				094BCCDF2A5FEE5F0012A404 /* Models */,
				094BCCDE2A5FEE590012A404 /* Presents */,
				094BCCC72A5FEC0B0012A404 /* AppDelegate.swift */,
				094BCCC92A5FEC0B0012A404 /* SceneDelegate.swift */,
				094BCCFD2A613ABA0012A404 /* Resource */,
				094BCCD22A5FEC0E0012A404 /* LaunchScreen.storyboard */,
				094BCCD52A5FEC0E0012A404 /* Info.plist */,
			);
			path = "Na'nez";
			sourceTree = "<group>";
		};
		094BCCDB2A5FEE400012A404 /* Services */ = {
			isa = PBXGroup;
			children = (
				0999E2C52A62C954002042EF /* PerfumeService.swift */,
				0999E2C32A62C949002042EF /* BrandService.swift */,
				0999E2C72A62C95E002042EF /* AccordService.swift */,
				0999E2CB2A62CA02002042EF /* APIConstants.swift */,
			);
			path = Services;
			sourceTree = "<group>";
		};
		094BCCDC2A5FEE480012A404 /* Utils */ = {
			isa = PBXGroup;
			children = (
				094BCCE82A5FF37B0012A404 /* Colors.swift */,
				094BCD102A613B8B0012A404 /* Fonts.swift */,
			);
			path = Utils;
			sourceTree = "<group>";
		};
		094BCCDE2A5FEE590012A404 /* Presents */ = {
			isa = PBXGroup;
			children = (
				09D5FE282A9497900082EB28 /* Common */,
				094BCCDC2A5FEE480012A404 /* Utils */,
				098CDB9D2A88F520008774B7 /* Cells */,
				09FEB4232A6688A200DD1CC5 /* UIController */,
				093396F52A76A2FF003B8C7A /* BrandUI */,
				0966E10D2A71434E0083BF1C /* AccordUI */,
				09FEB4222A66887F00DD1CC5 /* DetailPerfumeUI */,
				09FEB4212A66886700DD1CC5 /* HomeUI */,
				09D5FE302A94A6390082EB28 /* WishListUI */,
				09D5FE2F2A94A62E0082EB28 /* MyInfoUI */,
			);
			path = Presents;
			sourceTree = "<group>";
		};
		094BCCDF2A5FEE5F0012A404 /* Models */ = {
			isa = PBXGroup;
			children = (
				094BCCFB2A6123F30012A404 /* BannerAdModel.swift */,
				0924166E2A6FFA0C0084E415 /* reportModel.swift */,
				09F7D6AC2A7CC4FE001645AA /* brandModel.swift */,
				09F7D6AE2A7CC52C001645AA /* perfumeModel.swift */,
				09F7D6B02A7CC553001645AA /* accordModel.swift */,
			);
			path = Models;
			sourceTree = "<group>";
		};
		094BCCFD2A613ABA0012A404 /* Resource */ = {
			isa = PBXGroup;
			children = (
				094BCCD02A5FEC0E0012A404 /* Assets.xcassets */,
				094BCD052A613AD60012A404 /* SUIT-Bold.ttf */,
				094BCD042A613AD60012A404 /* SUIT-ExtraBold.ttf */,
				094BCD032A613AD60012A404 /* SUIT-ExtraLight.ttf */,
				094BCD062A613AD60012A404 /* SUIT-Heavy.ttf */,
				094BCCFE2A613AD50012A404 /* SUIT-Light.ttf */,
				094BCD022A613AD60012A404 /* SUIT-Medium.ttf */,
				094BCCFF2A613AD50012A404 /* SUIT-Regular.ttf */,
				094BCD002A613AD60012A404 /* SUIT-SemiBold.ttf */,
				094BCD012A613AD60012A404 /* SUIT-Thin.ttf */,
			);
			path = Resource;
			sourceTree = "<group>";
		};
		0966E10D2A71434E0083BF1C /* AccordUI */ = {
			isa = PBXGroup;
			children = (
				0966E10E2A7143660083BF1C /* AccordtubeViewController.swift */,
				093396F62A76A314003B8C7A /* DetailAccordViewController.swift */,
			);
			path = AccordUI;
			sourceTree = "<group>";
		};
		098CDB9D2A88F520008774B7 /* Cells */ = {
			isa = PBXGroup;
			children = (
				094BCD122A6142610012A404 /* HomeRecommendCollectionViewCell.swift */,
				0999E2BD2A62B775002042EF /* BrandCollectionViewCell.swift */,
				0999E2BF2A62C1DA002042EF /* AccordCollectionViewCell.swift */,
				092416702A6FFFC70084E415 /* DropDownTableViewCell.swift */,
			);
			path = Cells;
			sourceTree = "<group>";
		};
		09D5FE282A9497900082EB28 /* Common */ = {
			isa = PBXGroup;
			children = (
				09D5FE292A9497A20082EB28 /* BaseViewController.swift */,
				09D5FE2B2A949DEF0082EB28 /* CustomNaviBar.swift */,
				09D5FE2D2A949E4C0082EB28 /* BaseView.swift */,
			);
			path = Common;
			sourceTree = "<group>";
		};
		09D5FE2F2A94A62E0082EB28 /* MyInfoUI */ = {
			isa = PBXGroup;
			children = (
				094BCCEC2A60043C0012A404 /* MyInfoViewController.swift */,
			);
			path = MyInfoUI;
			sourceTree = "<group>";
		};
		09D5FE302A94A6390082EB28 /* WishListUI */ = {
			isa = PBXGroup;
			children = (
				094BCCEE2A60045A0012A404 /* WishListViewController.swift */,
			);
			path = WishListUI;
			sourceTree = "<group>";
		};
		09FEB4212A66886700DD1CC5 /* HomeUI */ = {
			isa = PBXGroup;
			children = (
				094BCCE02A5FF2290012A404 /* HomeViewController.swift */,
				098CDB9E2A88F582008774B7 /* HomeView.swift */,
			);
			path = HomeUI;
			sourceTree = "<group>";
		};
		09FEB4222A66887F00DD1CC5 /* DetailPerfumeUI */ = {
			isa = PBXGroup;
			children = (
				098F80C02A63202300F1E70A /* DetailPerfumeViewController.swift */,
				0960798B2A8D0ADB00C7DFBA /* DetailPerfumeView.swift */,
				09B759862A652B53008452A3 /* ReportPopupViewController.swift */,
			);
			path = DetailPerfumeUI;
			sourceTree = "<group>";
		};
		09FEB4232A6688A200DD1CC5 /* UIController */ = {
			isa = PBXGroup;
			children = (
				094BCCEA2A6003650012A404 /* TabController.swift */,
			);
			path = UIController;
			sourceTree = "<group>";
		};
/* End PBXGroup section */

/* Begin PBXNativeTarget section */
		094BCCC32A5FEC0B0012A404 /* Na'nez */ = {
			isa = PBXNativeTarget;
			buildConfigurationList = 094BCCD82A5FEC0E0012A404 /* Build configuration list for PBXNativeTarget "Na'nez" */;
			buildPhases = (
				094BCCC02A5FEC0B0012A404 /* Sources */,
				094BCCC12A5FEC0B0012A404 /* Frameworks */,
				094BCCC22A5FEC0B0012A404 /* Resources */,
			);
			buildRules = (
			);
			dependencies = (
			);
			name = "Na'nez";
			packageProductDependencies = (
				0924164A2A6F92E20084E415 /* Alamofire */,
				0924164D2A6F92F50084E415 /* SnapKit */,
				092416502A6F93030084E415 /* Then */,
				092416612A6F94C70084E415 /* Kingfisher */,
				092416682A6F95C10084E415 /* ImageSlideshow */,
				0924166A2A6F95C10084E415 /* ImageSlideshow/Alamofire */,
				0924166C2A6F95C10084E415 /* ImageSlideshow/Kingfisher */,
			);
			productName = "Na'nez";
			productReference = 094BCCC42A5FEC0B0012A404 /* Na'nez.app */;
			productType = "com.apple.product-type.application";
		};
/* End PBXNativeTarget section */

/* Begin PBXProject section */
		094BCCBC2A5FEC0B0012A404 /* Project object */ = {
			isa = PBXProject;
			attributes = {
				BuildIndependentTargetsInParallel = 1;
				LastSwiftUpdateCheck = 1430;
				LastUpgradeCheck = 1430;
				TargetAttributes = {
					094BCCC32A5FEC0B0012A404 = {
						CreatedOnToolsVersion = 14.3.1;
					};
				};
			};
			buildConfigurationList = 094BCCBF2A5FEC0B0012A404 /* Build configuration list for PBXProject "Na'nez" */;
			compatibilityVersion = "Xcode 14.0";
			developmentRegion = en;
			hasScannedForEncodings = 0;
			knownRegions = (
				en,
				Base,
			);
			mainGroup = 094BCCBB2A5FEC0B0012A404;
			packageReferences = (
				092416492A6F92E20084E415 /* XCRemoteSwiftPackageReference "Alamofire" */,
				0924164C2A6F92F50084E415 /* XCRemoteSwiftPackageReference "SnapKit" */,
				0924164F2A6F93030084E415 /* XCRemoteSwiftPackageReference "Then" */,
				092416602A6F94C70084E415 /* XCRemoteSwiftPackageReference "Kingfisher" */,
				092416672A6F95C10084E415 /* XCRemoteSwiftPackageReference "ImageSlideshow" */,
			);
			productRefGroup = 094BCCC52A5FEC0B0012A404 /* Products */;
			projectDirPath = "";
			projectRoot = "";
			targets = (
				094BCCC32A5FEC0B0012A404 /* Na'nez */,
			);
		};
/* End PBXProject section */

/* Begin PBXResourcesBuildPhase section */
		094BCCC22A5FEC0B0012A404 /* Resources */ = {
			isa = PBXResourcesBuildPhase;
			buildActionMask = 2147483647;
			files = (
				094BCD0B2A613AD60012A404 /* SUIT-Medium.ttf in Resources */,
				094BCD082A613AD60012A404 /* SUIT-Regular.ttf in Resources */,
				090649232A66E225007FFE24 /* Assets.xcassets in Resources */,
				094BCD0E2A613AD60012A404 /* SUIT-Bold.ttf in Resources */,
				094BCCD42A5FEC0E0012A404 /* LaunchScreen.storyboard in Resources */,
				094BCD0A2A613AD60012A404 /* SUIT-Thin.ttf in Resources */,
				094BCD072A613AD60012A404 /* SUIT-Light.ttf in Resources */,
				094BCD0C2A613AD60012A404 /* SUIT-ExtraLight.ttf in Resources */,
				094BCD092A613AD60012A404 /* SUIT-SemiBold.ttf in Resources */,
				094BCD0F2A613AD60012A404 /* SUIT-Heavy.ttf in Resources */,
				094BCD0D2A613AD60012A404 /* SUIT-ExtraBold.ttf in Resources */,
			);
			runOnlyForDeploymentPostprocessing = 0;
		};
/* End PBXResourcesBuildPhase section */

/* Begin PBXSourcesBuildPhase section */
		094BCCC02A5FEC0B0012A404 /* Sources */ = {
			isa = PBXSourcesBuildPhase;
			buildActionMask = 2147483647;
			files = (
				098F80C12A63202300F1E70A /* DetailPerfumeViewController.swift in Sources */,
				0924166F2A6FFA0C0084E415 /* reportModel.swift in Sources */,
				093396F72A76A314003B8C7A /* DetailAccordViewController.swift in Sources */,
				092416712A6FFFC70084E415 /* DropDownTableViewCell.swift in Sources */,
				09D5FE2A2A9497A20082EB28 /* BaseViewController.swift in Sources */,
				0999E2C02A62C1DA002042EF /* AccordCollectionViewCell.swift in Sources */,
				0999E2BE2A62B775002042EF /* BrandCollectionViewCell.swift in Sources */,
				094BCCEB2A6003650012A404 /* TabController.swift in Sources */,
				09D5FE2E2A949E4C0082EB28 /* BaseView.swift in Sources */,
				0999E2C62A62C954002042EF /* PerfumeService.swift in Sources */,
				09F7D6B12A7CC553001645AA /* accordModel.swift in Sources */,
				09F7D6B32A7CCAED001645AA /* BrandtubeViewController.swift in Sources */,
				09D5FE2C2A949DEF0082EB28 /* CustomNaviBar.swift in Sources */,
				094BCD132A6142610012A404 /* HomeRecommendCollectionViewCell.swift in Sources */,
				098CDB9F2A88F582008774B7 /* HomeView.swift in Sources */,
				0999E2C82A62C95E002042EF /* AccordService.swift in Sources */,
				0999E2C42A62C949002042EF /* BrandService.swift in Sources */,
				094BCD112A613B8B0012A404 /* Fonts.swift in Sources */,
				094BCCE92A5FF37B0012A404 /* Colors.swift in Sources */,
				094BCCED2A60043C0012A404 /* MyInfoViewController.swift in Sources */,
				0960798C2A8D0ADB00C7DFBA /* DetailPerfumeView.swift in Sources */,
				094BCCFC2A6123F30012A404 /* BannerAdModel.swift in Sources */,
				094BCCC82A5FEC0B0012A404 /* AppDelegate.swift in Sources */,
				09F7D6AF2A7CC52C001645AA /* perfumeModel.swift in Sources */,
				0999E2CC2A62CA02002042EF /* APIConstants.swift in Sources */,
				094BCCEF2A60045A0012A404 /* WishListViewController.swift in Sources */,
				09B759872A652B53008452A3 /* ReportPopupViewController.swift in Sources */,
				092EFFBD2A778E9900E0DA90 /* DetailBrandViewController.swift in Sources */,
				094BCCCA2A5FEC0B0012A404 /* SceneDelegate.swift in Sources */,
				09F7D6AD2A7CC4FE001645AA /* brandModel.swift in Sources */,
				0966E10F2A7143660083BF1C /* AccordtubeViewController.swift in Sources */,
				094BCCE12A5FF2290012A404 /* HomeViewController.swift in Sources */,
			);
			runOnlyForDeploymentPostprocessing = 0;
		};
/* End PBXSourcesBuildPhase section */

/* Begin PBXVariantGroup section */
		094BCCD22A5FEC0E0012A404 /* LaunchScreen.storyboard */ = {
			isa = PBXVariantGroup;
			children = (
				094BCCD32A5FEC0E0012A404 /* Base */,
			);
			name = LaunchScreen.storyboard;
			sourceTree = "<group>";
		};
/* End PBXVariantGroup section */

/* Begin XCBuildConfiguration section */
		094BCCD62A5FEC0E0012A404 /* Debug */ = {
			isa = XCBuildConfiguration;
			buildSettings = {
				ALWAYS_SEARCH_USER_PATHS = NO;
				CLANG_ANALYZER_NONNULL = YES;
				CLANG_ANALYZER_NUMBER_OBJECT_CONVERSION = YES_AGGRESSIVE;
				CLANG_CXX_LANGUAGE_STANDARD = "gnu++20";
				CLANG_ENABLE_MODULES = YES;
				CLANG_ENABLE_OBJC_ARC = YES;
				CLANG_ENABLE_OBJC_WEAK = YES;
				CLANG_WARN_BLOCK_CAPTURE_AUTORELEASING = YES;
				CLANG_WARN_BOOL_CONVERSION = YES;
				CLANG_WARN_COMMA = YES;
				CLANG_WARN_CONSTANT_CONVERSION = YES;
				CLANG_WARN_DEPRECATED_OBJC_IMPLEMENTATIONS = YES;
				CLANG_WARN_DIRECT_OBJC_ISA_USAGE = YES_ERROR;
				CLANG_WARN_DOCUMENTATION_COMMENTS = YES;
				CLANG_WARN_EMPTY_BODY = YES;
				CLANG_WARN_ENUM_CONVERSION = YES;
				CLANG_WARN_INFINITE_RECURSION = YES;
				CLANG_WARN_INT_CONVERSION = YES;
				CLANG_WARN_NON_LITERAL_NULL_CONVERSION = YES;
				CLANG_WARN_OBJC_IMPLICIT_RETAIN_SELF = YES;
				CLANG_WARN_OBJC_LITERAL_CONVERSION = YES;
				CLANG_WARN_OBJC_ROOT_CLASS = YES_ERROR;
				CLANG_WARN_QUOTED_INCLUDE_IN_FRAMEWORK_HEADER = YES;
				CLANG_WARN_RANGE_LOOP_ANALYSIS = YES;
				CLANG_WARN_STRICT_PROTOTYPES = YES;
				CLANG_WARN_SUSPICIOUS_MOVE = YES;
				CLANG_WARN_UNGUARDED_AVAILABILITY = YES_AGGRESSIVE;
				CLANG_WARN_UNREACHABLE_CODE = YES;
				CLANG_WARN__DUPLICATE_METHOD_MATCH = YES;
				COPY_PHASE_STRIP = NO;
				DEBUG_INFORMATION_FORMAT = dwarf;
				ENABLE_STRICT_OBJC_MSGSEND = YES;
				ENABLE_TESTABILITY = YES;
				GCC_C_LANGUAGE_STANDARD = gnu11;
				GCC_DYNAMIC_NO_PIC = NO;
				GCC_NO_COMMON_BLOCKS = YES;
				GCC_OPTIMIZATION_LEVEL = 0;
				GCC_PREPROCESSOR_DEFINITIONS = (
					"DEBUG=1",
					"$(inherited)",
				);
				GCC_WARN_64_TO_32_BIT_CONVERSION = YES;
				GCC_WARN_ABOUT_RETURN_TYPE = YES_ERROR;
				GCC_WARN_UNDECLARED_SELECTOR = YES;
				GCC_WARN_UNINITIALIZED_AUTOS = YES_AGGRESSIVE;
				GCC_WARN_UNUSED_FUNCTION = YES;
				GCC_WARN_UNUSED_VARIABLE = YES;
				IPHONEOS_DEPLOYMENT_TARGET = 16.4;
				MTL_ENABLE_DEBUG_INFO = INCLUDE_SOURCE;
				MTL_FAST_MATH = YES;
				ONLY_ACTIVE_ARCH = YES;
				SDKROOT = iphoneos;
				SWIFT_ACTIVE_COMPILATION_CONDITIONS = DEBUG;
				SWIFT_OPTIMIZATION_LEVEL = "-Onone";
			};
			name = Debug;
		};
		094BCCD72A5FEC0E0012A404 /* Release */ = {
			isa = XCBuildConfiguration;
			buildSettings = {
				ALWAYS_SEARCH_USER_PATHS = NO;
				CLANG_ANALYZER_NONNULL = YES;
				CLANG_ANALYZER_NUMBER_OBJECT_CONVERSION = YES_AGGRESSIVE;
				CLANG_CXX_LANGUAGE_STANDARD = "gnu++20";
				CLANG_ENABLE_MODULES = YES;
				CLANG_ENABLE_OBJC_ARC = YES;
				CLANG_ENABLE_OBJC_WEAK = YES;
				CLANG_WARN_BLOCK_CAPTURE_AUTORELEASING = YES;
				CLANG_WARN_BOOL_CONVERSION = YES;
				CLANG_WARN_COMMA = YES;
				CLANG_WARN_CONSTANT_CONVERSION = YES;
				CLANG_WARN_DEPRECATED_OBJC_IMPLEMENTATIONS = YES;
				CLANG_WARN_DIRECT_OBJC_ISA_USAGE = YES_ERROR;
				CLANG_WARN_DOCUMENTATION_COMMENTS = YES;
				CLANG_WARN_EMPTY_BODY = YES;
				CLANG_WARN_ENUM_CONVERSION = YES;
				CLANG_WARN_INFINITE_RECURSION = YES;
				CLANG_WARN_INT_CONVERSION = YES;
				CLANG_WARN_NON_LITERAL_NULL_CONVERSION = YES;
				CLANG_WARN_OBJC_IMPLICIT_RETAIN_SELF = YES;
				CLANG_WARN_OBJC_LITERAL_CONVERSION = YES;
				CLANG_WARN_OBJC_ROOT_CLASS = YES_ERROR;
				CLANG_WARN_QUOTED_INCLUDE_IN_FRAMEWORK_HEADER = YES;
				CLANG_WARN_RANGE_LOOP_ANALYSIS = YES;
				CLANG_WARN_STRICT_PROTOTYPES = YES;
				CLANG_WARN_SUSPICIOUS_MOVE = YES;
				CLANG_WARN_UNGUARDED_AVAILABILITY = YES_AGGRESSIVE;
				CLANG_WARN_UNREACHABLE_CODE = YES;
				CLANG_WARN__DUPLICATE_METHOD_MATCH = YES;
				COPY_PHASE_STRIP = NO;
				DEBUG_INFORMATION_FORMAT = "dwarf-with-dsym";
				ENABLE_NS_ASSERTIONS = NO;
				ENABLE_STRICT_OBJC_MSGSEND = YES;
				GCC_C_LANGUAGE_STANDARD = gnu11;
				GCC_NO_COMMON_BLOCKS = YES;
				GCC_WARN_64_TO_32_BIT_CONVERSION = YES;
				GCC_WARN_ABOUT_RETURN_TYPE = YES_ERROR;
				GCC_WARN_UNDECLARED_SELECTOR = YES;
				GCC_WARN_UNINITIALIZED_AUTOS = YES_AGGRESSIVE;
				GCC_WARN_UNUSED_FUNCTION = YES;
				GCC_WARN_UNUSED_VARIABLE = YES;
				IPHONEOS_DEPLOYMENT_TARGET = 16.4;
				MTL_ENABLE_DEBUG_INFO = NO;
				MTL_FAST_MATH = YES;
				SDKROOT = iphoneos;
				SWIFT_COMPILATION_MODE = wholemodule;
				SWIFT_OPTIMIZATION_LEVEL = "-O";
				VALIDATE_PRODUCT = YES;
			};
			name = Release;
		};
		094BCCD92A5FEC0E0012A404 /* Debug */ = {
			isa = XCBuildConfiguration;
			buildSettings = {
				ASSETCATALOG_COMPILER_APPICON_NAME = AppIcon;
				ASSETCATALOG_COMPILER_GLOBAL_ACCENT_COLOR_NAME = AccentColor;
				CODE_SIGN_STYLE = Automatic;
				CURRENT_PROJECT_VERSION = 1;
				DEVELOPMENT_TEAM = JA7UDVTQBU;
				GENERATE_INFOPLIST_FILE = YES;
				INFOPLIST_FILE = "Na'nez/Info.plist";
				INFOPLIST_KEY_UIApplicationSupportsIndirectInputEvents = YES;
				INFOPLIST_KEY_UILaunchStoryboardName = LaunchScreen;
				INFOPLIST_KEY_UIMainStoryboardFile = Main;
				INFOPLIST_KEY_UISupportedInterfaceOrientations = UIInterfaceOrientationPortrait;
				INFOPLIST_KEY_UISupportedInterfaceOrientations_iPad = "UIInterfaceOrientationPortrait UIInterfaceOrientationPortraitUpsideDown";
				IPHONEOS_DEPLOYMENT_TARGET = 16.0;
				LD_RUNPATH_SEARCH_PATHS = (
					"$(inherited)",
					"@executable_path/Frameworks",
				);
				MARKETING_VERSION = 1.0;
				PRODUCT_BUNDLE_IDENTIFIER = "jc.Na-nez";
				PRODUCT_NAME = "$(TARGET_NAME)";
				SWIFT_EMIT_LOC_STRINGS = YES;
				SWIFT_VERSION = 5.0;
				TARGETED_DEVICE_FAMILY = "1,2";
			};
			name = Debug;
		};
		094BCCDA2A5FEC0E0012A404 /* Release */ = {
			isa = XCBuildConfiguration;
			buildSettings = {
				ASSETCATALOG_COMPILER_APPICON_NAME = AppIcon;
				ASSETCATALOG_COMPILER_GLOBAL_ACCENT_COLOR_NAME = AccentColor;
				CODE_SIGN_STYLE = Automatic;
				CURRENT_PROJECT_VERSION = 1;
				DEVELOPMENT_TEAM = JA7UDVTQBU;
				GENERATE_INFOPLIST_FILE = YES;
				INFOPLIST_FILE = "Na'nez/Info.plist";
				INFOPLIST_KEY_UIApplicationSupportsIndirectInputEvents = YES;
				INFOPLIST_KEY_UILaunchStoryboardName = LaunchScreen;
				INFOPLIST_KEY_UIMainStoryboardFile = Main;
				INFOPLIST_KEY_UISupportedInterfaceOrientations = UIInterfaceOrientationPortrait;
				INFOPLIST_KEY_UISupportedInterfaceOrientations_iPad = "UIInterfaceOrientationPortrait UIInterfaceOrientationPortraitUpsideDown";
				IPHONEOS_DEPLOYMENT_TARGET = 16.0;
				LD_RUNPATH_SEARCH_PATHS = (
					"$(inherited)",
					"@executable_path/Frameworks",
				);
				MARKETING_VERSION = 1.0;
				PRODUCT_BUNDLE_IDENTIFIER = "jc.Na-nez";
				PRODUCT_NAME = "$(TARGET_NAME)";
				SWIFT_EMIT_LOC_STRINGS = YES;
				SWIFT_VERSION = 5.0;
				TARGETED_DEVICE_FAMILY = "1,2";
			};
			name = Release;
		};
/* End XCBuildConfiguration section */

/* Begin XCConfigurationList section */
		094BCCBF2A5FEC0B0012A404 /* Build configuration list for PBXProject "Na'nez" */ = {
			isa = XCConfigurationList;
			buildConfigurations = (
				094BCCD62A5FEC0E0012A404 /* Debug */,
				094BCCD72A5FEC0E0012A404 /* Release */,
			);
			defaultConfigurationIsVisible = 0;
			defaultConfigurationName = Release;
		};
		094BCCD82A5FEC0E0012A404 /* Build configuration list for PBXNativeTarget "Na'nez" */ = {
			isa = XCConfigurationList;
			buildConfigurations = (
				094BCCD92A5FEC0E0012A404 /* Debug */,
				094BCCDA2A5FEC0E0012A404 /* Release */,
			);
			defaultConfigurationIsVisible = 0;
			defaultConfigurationName = Release;
		};
/* End XCConfigurationList section */

/* Begin XCRemoteSwiftPackageReference section */
		092416492A6F92E20084E415 /* XCRemoteSwiftPackageReference "Alamofire" */ = {
			isa = XCRemoteSwiftPackageReference;
			repositoryURL = "https://github.com/Alamofire/Alamofire.git";
			requirement = {
				kind = exactVersion;
				version = 5.7.1;
			};
		};
		0924164C2A6F92F50084E415 /* XCRemoteSwiftPackageReference "SnapKit" */ = {
			isa = XCRemoteSwiftPackageReference;
			repositoryURL = "https://github.com/SnapKit/SnapKit.git";
			requirement = {
				kind = exactVersion;
				version = 5.6.0;
			};
		};
		0924164F2A6F93030084E415 /* XCRemoteSwiftPackageReference "Then" */ = {
			isa = XCRemoteSwiftPackageReference;
			repositoryURL = "https://github.com/devxoul/Then";
			requirement = {
				kind = exactVersion;
				version = 3.0.0;
			};
		};
		092416602A6F94C70084E415 /* XCRemoteSwiftPackageReference "Kingfisher" */ = {
			isa = XCRemoteSwiftPackageReference;
			repositoryURL = "https://github.com/onevcat/Kingfisher";
			requirement = {
				kind = exactVersion;
				version = 5.8.0;
			};
		};
		092416672A6F95C10084E415 /* XCRemoteSwiftPackageReference "ImageSlideshow" */ = {
			isa = XCRemoteSwiftPackageReference;
			repositoryURL = "https://github.com/zvonicek/ImageSlideshow";
			requirement = {
				kind = exactVersion;
				version = 1.9.0;
			};
		};
/* End XCRemoteSwiftPackageReference section */

/* Begin XCSwiftPackageProductDependency section */
		0924164A2A6F92E20084E415 /* Alamofire */ = {
			isa = XCSwiftPackageProductDependency;
			package = 092416492A6F92E20084E415 /* XCRemoteSwiftPackageReference "Alamofire" */;
			productName = Alamofire;
		};
		0924164D2A6F92F50084E415 /* SnapKit */ = {
			isa = XCSwiftPackageProductDependency;
			package = 0924164C2A6F92F50084E415 /* XCRemoteSwiftPackageReference "SnapKit" */;
			productName = SnapKit;
		};
		092416502A6F93030084E415 /* Then */ = {
			isa = XCSwiftPackageProductDependency;
			package = 0924164F2A6F93030084E415 /* XCRemoteSwiftPackageReference "Then" */;
			productName = Then;
		};
		092416612A6F94C70084E415 /* Kingfisher */ = {
			isa = XCSwiftPackageProductDependency;
			package = 092416602A6F94C70084E415 /* XCRemoteSwiftPackageReference "Kingfisher" */;
			productName = Kingfisher;
		};
		092416682A6F95C10084E415 /* ImageSlideshow */ = {
			isa = XCSwiftPackageProductDependency;
			package = 092416672A6F95C10084E415 /* XCRemoteSwiftPackageReference "ImageSlideshow" */;
			productName = ImageSlideshow;
		};
		0924166A2A6F95C10084E415 /* ImageSlideshow/Alamofire */ = {
			isa = XCSwiftPackageProductDependency;
			package = 092416672A6F95C10084E415 /* XCRemoteSwiftPackageReference "ImageSlideshow" */;
			productName = ImageSlideshow/Alamofire;
		};
		0924166C2A6F95C10084E415 /* ImageSlideshow/Kingfisher */ = {
			isa = XCSwiftPackageProductDependency;
			package = 092416672A6F95C10084E415 /* XCRemoteSwiftPackageReference "ImageSlideshow" */;
			productName = ImageSlideshow/Kingfisher;
		};
/* End XCSwiftPackageProductDependency section */
	};
	rootObject = 094BCCBC2A5FEC0B0012A404 /* Project object */;
}
