// !$*UTF8*$!
{
	archiveVersion = 1;
	classes = {
	};
	objectVersion = 56;
	objects = {

/* Begin PBXBuildFile section */
		094BCCC82A5FEC0B0012A404 /* AppDelegate.swift in Sources */ = {isa = PBXBuildFile; fileRef = 094BCCC72A5FEC0B0012A404 /* AppDelegate.swift */; };
		094BCCCA2A5FEC0B0012A404 /* SceneDelegate.swift in Sources */ = {isa = PBXBuildFile; fileRef = 094BCCC92A5FEC0B0012A404 /* SceneDelegate.swift */; };
		094BCCCC2A5FEC0B0012A404 /* ViewController.swift in Sources */ = {isa = PBXBuildFile; fileRef = 094BCCCB2A5FEC0B0012A404 /* ViewController.swift */; };
		094BCCD12A5FEC0E0012A404 /* Assets.xcassets in Resources */ = {isa = PBXBuildFile; fileRef = 094BCCD02A5FEC0E0012A404 /* Assets.xcassets */; };
		094BCCD42A5FEC0E0012A404 /* LaunchScreen.storyboard in Resources */ = {isa = PBXBuildFile; fileRef = 094BCCD22A5FEC0E0012A404 /* LaunchScreen.storyboard */; };
		094BCCE12A5FF2290012A404 /* HomeViewController.swift in Sources */ = {isa = PBXBuildFile; fileRef = 094BCCE02A5FF2290012A404 /* HomeViewController.swift */; };
		094BCCE42A5FF3530012A404 /* SnapKit in Frameworks */ = {isa = PBXBuildFile; productRef = 094BCCE32A5FF3530012A404 /* SnapKit */; };
		094BCCE72A5FF3680012A404 /* Then in Frameworks */ = {isa = PBXBuildFile; productRef = 094BCCE62A5FF3680012A404 /* Then */; };
		094BCCE92A5FF37B0012A404 /* Colors.swift in Sources */ = {isa = PBXBuildFile; fileRef = 094BCCE82A5FF37B0012A404 /* Colors.swift */; };
		094BCCEB2A6003650012A404 /* TabController.swift in Sources */ = {isa = PBXBuildFile; fileRef = 094BCCEA2A6003650012A404 /* TabController.swift */; };
		094BCCED2A60043C0012A404 /* MyInfoViewController.swift in Sources */ = {isa = PBXBuildFile; fileRef = 094BCCEC2A60043C0012A404 /* MyInfoViewController.swift */; };
		094BCCEF2A60045A0012A404 /* WishListViewController.swift in Sources */ = {isa = PBXBuildFile; fileRef = 094BCCEE2A60045A0012A404 /* WishListViewController.swift */; };
		094BCCF12A6019250012A404 /* tempModel.swift in Sources */ = {isa = PBXBuildFile; fileRef = 094BCCF02A6019250012A404 /* tempModel.swift */; };
		094BCCF82A611C700012A404 /* ImageSlideshow in Frameworks */ = {isa = PBXBuildFile; productRef = 094BCCF72A611C700012A404 /* ImageSlideshow */; };
		094BCCFA2A611C700012A404 /* ImageSlideshow/Alamofire in Frameworks */ = {isa = PBXBuildFile; productRef = 094BCCF92A611C700012A404 /* ImageSlideshow/Alamofire */; };
		094BCCFC2A6123F30012A404 /* BannerAdModel.swift in Sources */ = {isa = PBXBuildFile; fileRef = 094BCCFB2A6123F30012A404 /* BannerAdModel.swift */; };
		094BCD072A613AD60012A404 /* SUIT-Light.ttf in Resources */ = {isa = PBXBuildFile; fileRef = 094BCCFE2A613AD50012A404 /* SUIT-Light.ttf */; };
		094BCD082A613AD60012A404 /* SUIT-Regular.ttf in Resources */ = {isa = PBXBuildFile; fileRef = 094BCCFF2A613AD50012A404 /* SUIT-Regular.ttf */; };
		094BCD092A613AD60012A404 /* SUIT-SemiBold.ttf in Resources */ = {isa = PBXBuildFile; fileRef = 094BCD002A613AD60012A404 /* SUIT-SemiBold.ttf */; };
		094BCD0A2A613AD60012A404 /* SUIT-Thin.ttf in Resources */ = {isa = PBXBuildFile; fileRef = 094BCD012A613AD60012A404 /* SUIT-Thin.ttf */; };
		094BCD0B2A613AD60012A404 /* SUIT-Medium.ttf in Resources */ = {isa = PBXBuildFile; fileRef = 094BCD022A613AD60012A404 /* SUIT-Medium.ttf */; };
		094BCD0C2A613AD60012A404 /* SUIT-ExtraLight.ttf in Resources */ = {isa = PBXBuildFile; fileRef = 094BCD032A613AD60012A404 /* SUIT-ExtraLight.ttf */; };
		094BCD0D2A613AD60012A404 /* SUIT-ExtraBold.ttf in Resources */ = {isa = PBXBuildFile; fileRef = 094BCD042A613AD60012A404 /* SUIT-ExtraBold.ttf */; };
		094BCD0E2A613AD60012A404 /* SUIT-Bold.ttf in Resources */ = {isa = PBXBuildFile; fileRef = 094BCD052A613AD60012A404 /* SUIT-Bold.ttf */; };
		094BCD0F2A613AD60012A404 /* SUIT-Heavy.ttf in Resources */ = {isa = PBXBuildFile; fileRef = 094BCD062A613AD60012A404 /* SUIT-Heavy.ttf */; };
		094BCD112A613B8B0012A404 /* Fonts.swift in Sources */ = {isa = PBXBuildFile; fileRef = 094BCD102A613B8B0012A404 /* Fonts.swift */; };
		094BCD132A6142610012A404 /* HomeRecommendCollectionViewCell.swift in Sources */ = {isa = PBXBuildFile; fileRef = 094BCD122A6142610012A404 /* HomeRecommendCollectionViewCell.swift */; };
		098F80C12A63202300F1E70A /* DetailPerfumeViewController.swift in Sources */ = {isa = PBXBuildFile; fileRef = 098F80C02A63202300F1E70A /* DetailPerfumeViewController.swift */; };
		0999E2BE2A62B775002042EF /* BrandCollectionViewCell.swift in Sources */ = {isa = PBXBuildFile; fileRef = 0999E2BD2A62B775002042EF /* BrandCollectionViewCell.swift */; };
		0999E2C02A62C1DA002042EF /* AccordCollectionViewCell.swift in Sources */ = {isa = PBXBuildFile; fileRef = 0999E2BF2A62C1DA002042EF /* AccordCollectionViewCell.swift */; };
		0999E2C42A62C949002042EF /* BrandService.swift in Sources */ = {isa = PBXBuildFile; fileRef = 0999E2C32A62C949002042EF /* BrandService.swift */; };
		0999E2C62A62C954002042EF /* PerfumeService.swift in Sources */ = {isa = PBXBuildFile; fileRef = 0999E2C52A62C954002042EF /* PerfumeService.swift */; };
		0999E2C82A62C95E002042EF /* AccordService.swift in Sources */ = {isa = PBXBuildFile; fileRef = 0999E2C72A62C95E002042EF /* AccordService.swift */; };
		0999E2CC2A62CA02002042EF /* APIConstants.swift in Sources */ = {isa = PBXBuildFile; fileRef = 0999E2CB2A62CA02002042EF /* APIConstants.swift */; };
/* End PBXBuildFile section */

/* Begin PBXFileReference section */
		094BCCC42A5FEC0B0012A404 /* Na'nez.app */ = {isa = PBXFileReference; explicitFileType = wrapper.application; includeInIndex = 0; path = "Na'nez.app"; sourceTree = BUILT_PRODUCTS_DIR; };
		094BCCC72A5FEC0B0012A404 /* AppDelegate.swift */ = {isa = PBXFileReference; lastKnownFileType = sourcecode.swift; path = AppDelegate.swift; sourceTree = "<group>"; };
		094BCCC92A5FEC0B0012A404 /* SceneDelegate.swift */ = {isa = PBXFileReference; lastKnownFileType = sourcecode.swift; path = SceneDelegate.swift; sourceTree = "<group>"; };
		094BCCCB2A5FEC0B0012A404 /* ViewController.swift */ = {isa = PBXFileReference; lastKnownFileType = sourcecode.swift; path = ViewController.swift; sourceTree = "<group>"; };
		094BCCD02A5FEC0E0012A404 /* Assets.xcassets */ = {isa = PBXFileReference; lastKnownFileType = folder.assetcatalog; path = Assets.xcassets; sourceTree = "<group>"; };
		094BCCD32A5FEC0E0012A404 /* Base */ = {isa = PBXFileReference; lastKnownFileType = file.storyboard; name = Base; path = Base.lproj/LaunchScreen.storyboard; sourceTree = "<group>"; };
		094BCCD52A5FEC0E0012A404 /* Info.plist */ = {isa = PBXFileReference; lastKnownFileType = text.plist.xml; path = Info.plist; sourceTree = "<group>"; };
		094BCCE02A5FF2290012A404 /* HomeViewController.swift */ = {isa = PBXFileReference; lastKnownFileType = sourcecode.swift; path = HomeViewController.swift; sourceTree = "<group>"; };
		094BCCE82A5FF37B0012A404 /* Colors.swift */ = {isa = PBXFileReference; lastKnownFileType = sourcecode.swift; path = Colors.swift; sourceTree = "<group>"; };
		094BCCEA2A6003650012A404 /* TabController.swift */ = {isa = PBXFileReference; lastKnownFileType = sourcecode.swift; path = TabController.swift; sourceTree = "<group>"; };
		094BCCEC2A60043C0012A404 /* MyInfoViewController.swift */ = {isa = PBXFileReference; lastKnownFileType = sourcecode.swift; path = MyInfoViewController.swift; sourceTree = "<group>"; };
		094BCCEE2A60045A0012A404 /* WishListViewController.swift */ = {isa = PBXFileReference; lastKnownFileType = sourcecode.swift; path = WishListViewController.swift; sourceTree = "<group>"; };
		094BCCF02A6019250012A404 /* tempModel.swift */ = {isa = PBXFileReference; lastKnownFileType = sourcecode.swift; path = tempModel.swift; sourceTree = "<group>"; };
		094BCCFB2A6123F30012A404 /* BannerAdModel.swift */ = {isa = PBXFileReference; lastKnownFileType = sourcecode.swift; path = BannerAdModel.swift; sourceTree = "<group>"; };
		094BCCFE2A613AD50012A404 /* SUIT-Light.ttf */ = {isa = PBXFileReference; lastKnownFileType = file; path = "SUIT-Light.ttf"; sourceTree = "<group>"; };
		094BCCFF2A613AD50012A404 /* SUIT-Regular.ttf */ = {isa = PBXFileReference; lastKnownFileType = file; path = "SUIT-Regular.ttf"; sourceTree = "<group>"; };
		094BCD002A613AD60012A404 /* SUIT-SemiBold.ttf */ = {isa = PBXFileReference; lastKnownFileType = file; path = "SUIT-SemiBold.ttf"; sourceTree = "<group>"; };
		094BCD012A613AD60012A404 /* SUIT-Thin.ttf */ = {isa = PBXFileReference; lastKnownFileType = file; path = "SUIT-Thin.ttf"; sourceTree = "<group>"; };
		094BCD022A613AD60012A404 /* SUIT-Medium.ttf */ = {isa = PBXFileReference; lastKnownFileType = file; path = "SUIT-Medium.ttf"; sourceTree = "<group>"; };
		094BCD032A613AD60012A404 /* SUIT-ExtraLight.ttf */ = {isa = PBXFileReference; lastKnownFileType = file; path = "SUIT-ExtraLight.ttf"; sourceTree = "<group>"; };
		094BCD042A613AD60012A404 /* SUIT-ExtraBold.ttf */ = {isa = PBXFileReference; lastKnownFileType = file; path = "SUIT-ExtraBold.ttf"; sourceTree = "<group>"; };
		094BCD052A613AD60012A404 /* SUIT-Bold.ttf */ = {isa = PBXFileReference; lastKnownFileType = file; path = "SUIT-Bold.ttf"; sourceTree = "<group>"; };
		094BCD062A613AD60012A404 /* SUIT-Heavy.ttf */ = {isa = PBXFileReference; lastKnownFileType = file; path = "SUIT-Heavy.ttf"; sourceTree = "<group>"; };
		094BCD102A613B8B0012A404 /* Fonts.swift */ = {isa = PBXFileReference; lastKnownFileType = sourcecode.swift; path = Fonts.swift; sourceTree = "<group>"; };
		094BCD122A6142610012A404 /* HomeRecommendCollectionViewCell.swift */ = {isa = PBXFileReference; lastKnownFileType = sourcecode.swift; path = HomeRecommendCollectionViewCell.swift; sourceTree = "<group>"; };
		098F80C02A63202300F1E70A /* DetailPerfumeViewController.swift */ = {isa = PBXFileReference; lastKnownFileType = sourcecode.swift; path = DetailPerfumeViewController.swift; sourceTree = "<group>"; };
		0999E2BD2A62B775002042EF /* BrandCollectionViewCell.swift */ = {isa = PBXFileReference; lastKnownFileType = sourcecode.swift; path = BrandCollectionViewCell.swift; sourceTree = "<group>"; };
		0999E2BF2A62C1DA002042EF /* AccordCollectionViewCell.swift */ = {isa = PBXFileReference; lastKnownFileType = sourcecode.swift; path = AccordCollectionViewCell.swift; sourceTree = "<group>"; };
		0999E2C32A62C949002042EF /* BrandService.swift */ = {isa = PBXFileReference; lastKnownFileType = sourcecode.swift; path = BrandService.swift; sourceTree = "<group>"; };
		0999E2C52A62C954002042EF /* PerfumeService.swift */ = {isa = PBXFileReference; lastKnownFileType = sourcecode.swift; path = PerfumeService.swift; sourceTree = "<group>"; };
		0999E2C72A62C95E002042EF /* AccordService.swift */ = {isa = PBXFileReference; lastKnownFileType = sourcecode.swift; path = AccordService.swift; sourceTree = "<group>"; };
		0999E2CB2A62CA02002042EF /* APIConstants.swift */ = {isa = PBXFileReference; lastKnownFileType = sourcecode.swift; path = APIConstants.swift; sourceTree = "<group>"; };
/* End PBXFileReference section */

/* Begin PBXFrameworksBuildPhase section */
		094BCCC12A5FEC0B0012A404 /* Frameworks */ = {
			isa = PBXFrameworksBuildPhase;
			buildActionMask = 2147483647;
			files = (
				094BCCFA2A611C700012A404 /* ImageSlideshow/Alamofire in Frameworks */,
				094BCCF82A611C700012A404 /* ImageSlideshow in Frameworks */,
				094BCCE42A5FF3530012A404 /* SnapKit in Frameworks */,
				094BCCE72A5FF3680012A404 /* Then in Frameworks */,
			);
			runOnlyForDeploymentPostprocessing = 0;
		};
/* End PBXFrameworksBuildPhase section */

/* Begin PBXGroup section */
		094BCCBB2A5FEC0B0012A404 = {
			isa = PBXGroup;
			children = (
				094BCCC62A5FEC0B0012A404 /* Na'nez */,
				094BCCC52A5FEC0B0012A404 /* Products */,
			);
			sourceTree = "<group>";
		};
		094BCCC52A5FEC0B0012A404 /* Products */ = {
			isa = PBXGroup;
			children = (
				094BCCC42A5FEC0B0012A404 /* Na'nez.app */,
			);
			name = Products;
			sourceTree = "<group>";
		};
		094BCCC62A5FEC0B0012A404 /* Na'nez */ = {
			isa = PBXGroup;
			children = (
				094BCCDF2A5FEE5F0012A404 /* Models */,
				094BCCDE2A5FEE590012A404 /* Controllers */,
				094BCCDD2A5FEE4F0012A404 /* Views */,
				094BCCDC2A5FEE480012A404 /* Utils */,
				094BCCDB2A5FEE400012A404 /* Services */,
				094BCCC72A5FEC0B0012A404 /* AppDelegate.swift */,
				094BCCC92A5FEC0B0012A404 /* SceneDelegate.swift */,
				094BCCCB2A5FEC0B0012A404 /* ViewController.swift */,
				094BCCFD2A613ABA0012A404 /* Resource */,
				094BCCD02A5FEC0E0012A404 /* Assets.xcassets */,
				094BCCD22A5FEC0E0012A404 /* LaunchScreen.storyboard */,
				094BCCD52A5FEC0E0012A404 /* Info.plist */,
			);
			path = "Na'nez";
			sourceTree = "<group>";
		};
		094BCCDB2A5FEE400012A404 /* Services */ = {
			isa = PBXGroup;
			children = (
				0999E2C52A62C954002042EF /* PerfumeService.swift */,
				0999E2C32A62C949002042EF /* BrandService.swift */,
				0999E2C72A62C95E002042EF /* AccordService.swift */,
				0999E2CB2A62CA02002042EF /* APIConstants.swift */,
			);
			path = Services;
			sourceTree = "<group>";
		};
		094BCCDC2A5FEE480012A404 /* Utils */ = {
			isa = PBXGroup;
			children = (
				094BCCE82A5FF37B0012A404 /* Colors.swift */,
				094BCD102A613B8B0012A404 /* Fonts.swift */,
			);
			path = Utils;
			sourceTree = "<group>";
		};
		094BCCDD2A5FEE4F0012A404 /* Views */ = {
			isa = PBXGroup;
			children = (
				094BCD122A6142610012A404 /* HomeRecommendCollectionViewCell.swift */,
				0999E2BD2A62B775002042EF /* BrandCollectionViewCell.swift */,
				0999E2BF2A62C1DA002042EF /* AccordCollectionViewCell.swift */,
			);
			path = Views;
			sourceTree = "<group>";
		};
		094BCCDE2A5FEE590012A404 /* Controllers */ = {
			isa = PBXGroup;
			children = (
				094BCCEA2A6003650012A404 /* TabController.swift */,
				094BCCEC2A60043C0012A404 /* MyInfoViewController.swift */,
				094BCCEE2A60045A0012A404 /* WishListViewController.swift */,
				094BCCE02A5FF2290012A404 /* HomeViewController.swift */,
				098F80C02A63202300F1E70A /* DetailPerfumeViewController.swift */,
			);
			path = Controllers;
			sourceTree = "<group>";
		};
		094BCCDF2A5FEE5F0012A404 /* Models */ = {
			isa = PBXGroup;
			children = (
				094BCCF02A6019250012A404 /* tempModel.swift */,
				094BCCFB2A6123F30012A404 /* BannerAdModel.swift */,
			);
			path = Models;
			sourceTree = "<group>";
		};
		094BCCFD2A613ABA0012A404 /* Resource */ = {
			isa = PBXGroup;
			children = (
				094BCD052A613AD60012A404 /* SUIT-Bold.ttf */,
				094BCD042A613AD60012A404 /* SUIT-ExtraBold.ttf */,
				094BCD032A613AD60012A404 /* SUIT-ExtraLight.ttf */,
				094BCD062A613AD60012A404 /* SUIT-Heavy.ttf */,
				094BCCFE2A613AD50012A404 /* SUIT-Light.ttf */,
				094BCD022A613AD60012A404 /* SUIT-Medium.ttf */,
				094BCCFF2A613AD50012A404 /* SUIT-Regular.ttf */,
				094BCD002A613AD60012A404 /* SUIT-SemiBold.ttf */,
				094BCD012A613AD60012A404 /* SUIT-Thin.ttf */,
			);
			path = Resource;
			sourceTree = "<group>";
		};
/* End PBXGroup section */

/* Begin PBXNativeTarget section */
		094BCCC32A5FEC0B0012A404 /* Na'nez */ = {
			isa = PBXNativeTarget;
			buildConfigurationList = 094BCCD82A5FEC0E0012A404 /* Build configuration list for PBXNativeTarget "Na'nez" */;
			buildPhases = (
				094BCCC02A5FEC0B0012A404 /* Sources */,
				094BCCC12A5FEC0B0012A404 /* Frameworks */,
				094BCCC22A5FEC0B0012A404 /* Resources */,
			);
			buildRules = (
			);
			dependencies = (
			);
			name = "Na'nez";
			packageProductDependencies = (
				094BCCE32A5FF3530012A404 /* SnapKit */,
				094BCCE62A5FF3680012A404 /* Then */,
				094BCCF72A611C700012A404 /* ImageSlideshow */,
				094BCCF92A611C700012A404 /* ImageSlideshow/Alamofire */,
			);
			productName = "Na'nez";
			productReference = 094BCCC42A5FEC0B0012A404 /* Na'nez.app */;
			productType = "com.apple.product-type.application";
		};
/* End PBXNativeTarget section */

/* Begin PBXProject section */
		094BCCBC2A5FEC0B0012A404 /* Project object */ = {
			isa = PBXProject;
			attributes = {
				BuildIndependentTargetsInParallel = 1;
				LastSwiftUpdateCheck = 1430;
				LastUpgradeCheck = 1430;
				TargetAttributes = {
					094BCCC32A5FEC0B0012A404 = {
						CreatedOnToolsVersion = 14.3.1;
					};
				};
			};
			buildConfigurationList = 094BCCBF2A5FEC0B0012A404 /* Build configuration list for PBXProject "Na'nez" */;
			compatibilityVersion = "Xcode 14.0";
			developmentRegion = en;
			hasScannedForEncodings = 0;
			knownRegions = (
				en,
				Base,
			);
			mainGroup = 094BCCBB2A5FEC0B0012A404;
			packageReferences = (
				094BCCE22A5FF3530012A404 /* XCRemoteSwiftPackageReference "SnapKit" */,
				094BCCE52A5FF3680012A404 /* XCRemoteSwiftPackageReference "Then" */,
				094BCCF62A611C700012A404 /* XCRemoteSwiftPackageReference "ImageSlideshow" */,
			);
			productRefGroup = 094BCCC52A5FEC0B0012A404 /* Products */;
			projectDirPath = "";
			projectRoot = "";
			targets = (
				094BCCC32A5FEC0B0012A404 /* Na'nez */,
			);
		};
/* End PBXProject section */

/* Begin PBXResourcesBuildPhase section */
		094BCCC22A5FEC0B0012A404 /* Resources */ = {
			isa = PBXResourcesBuildPhase;
			buildActionMask = 2147483647;
			files = (
				094BCD0B2A613AD60012A404 /* SUIT-Medium.ttf in Resources */,
				094BCD082A613AD60012A404 /* SUIT-Regular.ttf in Resources */,
				094BCD0E2A613AD60012A404 /* SUIT-Bold.ttf in Resources */,
				094BCCD42A5FEC0E0012A404 /* LaunchScreen.storyboard in Resources */,
				094BCD0A2A613AD60012A404 /* SUIT-Thin.ttf in Resources */,
				094BCD072A613AD60012A404 /* SUIT-Light.ttf in Resources */,
				094BCD0C2A613AD60012A404 /* SUIT-ExtraLight.ttf in Resources */,
				094BCD092A613AD60012A404 /* SUIT-SemiBold.ttf in Resources */,
				094BCCD12A5FEC0E0012A404 /* Assets.xcassets in Resources */,
				094BCD0F2A613AD60012A404 /* SUIT-Heavy.ttf in Resources */,
				094BCD0D2A613AD60012A404 /* SUIT-ExtraBold.ttf in Resources */,
			);
			runOnlyForDeploymentPostprocessing = 0;
		};
/* End PBXResourcesBuildPhase section */

/* Begin PBXSourcesBuildPhase section */
		094BCCC02A5FEC0B0012A404 /* Sources */ = {
			isa = PBXSourcesBuildPhase;
			buildActionMask = 2147483647;
			files = (
				098F80C12A63202300F1E70A /* DetailPerfumeViewController.swift in Sources */,
				0999E2C02A62C1DA002042EF /* AccordCollectionViewCell.swift in Sources */,
				0999E2BE2A62B775002042EF /* BrandCollectionViewCell.swift in Sources */,
				094BCCCC2A5FEC0B0012A404 /* ViewController.swift in Sources */,
				094BCCEB2A6003650012A404 /* TabController.swift in Sources */,
				0999E2C62A62C954002042EF /* PerfumeService.swift in Sources */,
				094BCD132A6142610012A404 /* HomeRecommendCollectionViewCell.swift in Sources */,
				0999E2C82A62C95E002042EF /* AccordService.swift in Sources */,
				0999E2C42A62C949002042EF /* BrandService.swift in Sources */,
				094BCD112A613B8B0012A404 /* Fonts.swift in Sources */,
				094BCCE92A5FF37B0012A404 /* Colors.swift in Sources */,
				094BCCED2A60043C0012A404 /* MyInfoViewController.swift in Sources */,
				094BCCFC2A6123F30012A404 /* BannerAdModel.swift in Sources */,
				094BCCF12A6019250012A404 /* tempModel.swift in Sources */,
				094BCCC82A5FEC0B0012A404 /* AppDelegate.swift in Sources */,
				0999E2CC2A62CA02002042EF /* APIConstants.swift in Sources */,
				094BCCEF2A60045A0012A404 /* WishListViewController.swift in Sources */,
				094BCCCA2A5FEC0B0012A404 /* SceneDelegate.swift in Sources */,
				094BCCE12A5FF2290012A404 /* HomeViewController.swift in Sources */,
			);
			runOnlyForDeploymentPostprocessing = 0;
		};
/* End PBXSourcesBuildPhase section */

/* Begin PBXVariantGroup section */
		094BCCD22A5FEC0E0012A404 /* LaunchScreen.storyboard */ = {
			isa = PBXVariantGroup;
			children = (
				094BCCD32A5FEC0E0012A404 /* Base */,
			);
			name = LaunchScreen.storyboard;
			sourceTree = "<group>";
		};
/* End PBXVariantGroup section */

/* Begin XCBuildConfiguration section */
		094BCCD62A5FEC0E0012A404 /* Debug */ = {
			isa = XCBuildConfiguration;
			buildSettings = {
				ALWAYS_SEARCH_USER_PATHS = NO;
				CLANG_ANALYZER_NONNULL = YES;
				CLANG_ANALYZER_NUMBER_OBJECT_CONVERSION = YES_AGGRESSIVE;
				CLANG_CXX_LANGUAGE_STANDARD = "gnu++20";
				CLANG_ENABLE_MODULES = YES;
				CLANG_ENABLE_OBJC_ARC = YES;
				CLANG_ENABLE_OBJC_WEAK = YES;
				CLANG_WARN_BLOCK_CAPTURE_AUTORELEASING = YES;
				CLANG_WARN_BOOL_CONVERSION = YES;
				CLANG_WARN_COMMA = YES;
				CLANG_WARN_CONSTANT_CONVERSION = YES;
				CLANG_WARN_DEPRECATED_OBJC_IMPLEMENTATIONS = YES;
				CLANG_WARN_DIRECT_OBJC_ISA_USAGE = YES_ERROR;
				CLANG_WARN_DOCUMENTATION_COMMENTS = YES;
				CLANG_WARN_EMPTY_BODY = YES;
				CLANG_WARN_ENUM_CONVERSION = YES;
				CLANG_WARN_INFINITE_RECURSION = YES;
				CLANG_WARN_INT_CONVERSION = YES;
				CLANG_WARN_NON_LITERAL_NULL_CONVERSION = YES;
				CLANG_WARN_OBJC_IMPLICIT_RETAIN_SELF = YES;
				CLANG_WARN_OBJC_LITERAL_CONVERSION = YES;
				CLANG_WARN_OBJC_ROOT_CLASS = YES_ERROR;
				CLANG_WARN_QUOTED_INCLUDE_IN_FRAMEWORK_HEADER = YES;
				CLANG_WARN_RANGE_LOOP_ANALYSIS = YES;
				CLANG_WARN_STRICT_PROTOTYPES = YES;
				CLANG_WARN_SUSPICIOUS_MOVE = YES;
				CLANG_WARN_UNGUARDED_AVAILABILITY = YES_AGGRESSIVE;
				CLANG_WARN_UNREACHABLE_CODE = YES;
				CLANG_WARN__DUPLICATE_METHOD_MATCH = YES;
				COPY_PHASE_STRIP = NO;
				DEBUG_INFORMATION_FORMAT = dwarf;
				ENABLE_STRICT_OBJC_MSGSEND = YES;
				ENABLE_TESTABILITY = YES;
				GCC_C_LANGUAGE_STANDARD = gnu11;
				GCC_DYNAMIC_NO_PIC = NO;
				GCC_NO_COMMON_BLOCKS = YES;
				GCC_OPTIMIZATION_LEVEL = 0;
				GCC_PREPROCESSOR_DEFINITIONS = (
					"DEBUG=1",
					"$(inherited)",
				);
				GCC_WARN_64_TO_32_BIT_CONVERSION = YES;
				GCC_WARN_ABOUT_RETURN_TYPE = YES_ERROR;
				GCC_WARN_UNDECLARED_SELECTOR = YES;
				GCC_WARN_UNINITIALIZED_AUTOS = YES_AGGRESSIVE;
				GCC_WARN_UNUSED_FUNCTION = YES;
				GCC_WARN_UNUSED_VARIABLE = YES;
				IPHONEOS_DEPLOYMENT_TARGET = 16.4;
				MTL_ENABLE_DEBUG_INFO = INCLUDE_SOURCE;
				MTL_FAST_MATH = YES;
				ONLY_ACTIVE_ARCH = YES;
				SDKROOT = iphoneos;
				SWIFT_ACTIVE_COMPILATION_CONDITIONS = DEBUG;
				SWIFT_OPTIMIZATION_LEVEL = "-Onone";
			};
			name = Debug;
		};
		094BCCD72A5FEC0E0012A404 /* Release */ = {
			isa = XCBuildConfiguration;
			buildSettings = {
				ALWAYS_SEARCH_USER_PATHS = NO;
				CLANG_ANALYZER_NONNULL = YES;
				CLANG_ANALYZER_NUMBER_OBJECT_CONVERSION = YES_AGGRESSIVE;
				CLANG_CXX_LANGUAGE_STANDARD = "gnu++20";
				CLANG_ENABLE_MODULES = YES;
				CLANG_ENABLE_OBJC_ARC = YES;
				CLANG_ENABLE_OBJC_WEAK = YES;
				CLANG_WARN_BLOCK_CAPTURE_AUTORELEASING = YES;
				CLANG_WARN_BOOL_CONVERSION = YES;
				CLANG_WARN_COMMA = YES;
				CLANG_WARN_CONSTANT_CONVERSION = YES;
				CLANG_WARN_DEPRECATED_OBJC_IMPLEMENTATIONS = YES;
				CLANG_WARN_DIRECT_OBJC_ISA_USAGE = YES_ERROR;
				CLANG_WARN_DOCUMENTATION_COMMENTS = YES;
				CLANG_WARN_EMPTY_BODY = YES;
				CLANG_WARN_ENUM_CONVERSION = YES;
				CLANG_WARN_INFINITE_RECURSION = YES;
				CLANG_WARN_INT_CONVERSION = YES;
				CLANG_WARN_NON_LITERAL_NULL_CONVERSION = YES;
				CLANG_WARN_OBJC_IMPLICIT_RETAIN_SELF = YES;
				CLANG_WARN_OBJC_LITERAL_CONVERSION = YES;
				CLANG_WARN_OBJC_ROOT_CLASS = YES_ERROR;
				CLANG_WARN_QUOTED_INCLUDE_IN_FRAMEWORK_HEADER = YES;
				CLANG_WARN_RANGE_LOOP_ANALYSIS = YES;
				CLANG_WARN_STRICT_PROTOTYPES = YES;
				CLANG_WARN_SUSPICIOUS_MOVE = YES;
				CLANG_WARN_UNGUARDED_AVAILABILITY = YES_AGGRESSIVE;
				CLANG_WARN_UNREACHABLE_CODE = YES;
				CLANG_WARN__DUPLICATE_METHOD_MATCH = YES;
				COPY_PHASE_STRIP = NO;
				DEBUG_INFORMATION_FORMAT = "dwarf-with-dsym";
				ENABLE_NS_ASSERTIONS = NO;
				ENABLE_STRICT_OBJC_MSGSEND = YES;
				GCC_C_LANGUAGE_STANDARD = gnu11;
				GCC_NO_COMMON_BLOCKS = YES;
				GCC_WARN_64_TO_32_BIT_CONVERSION = YES;
				GCC_WARN_ABOUT_RETURN_TYPE = YES_ERROR;
				GCC_WARN_UNDECLARED_SELECTOR = YES;
				GCC_WARN_UNINITIALIZED_AUTOS = YES_AGGRESSIVE;
				GCC_WARN_UNUSED_FUNCTION = YES;
				GCC_WARN_UNUSED_VARIABLE = YES;
				IPHONEOS_DEPLOYMENT_TARGET = 16.4;
				MTL_ENABLE_DEBUG_INFO = NO;
				MTL_FAST_MATH = YES;
				SDKROOT = iphoneos;
				SWIFT_COMPILATION_MODE = wholemodule;
				SWIFT_OPTIMIZATION_LEVEL = "-O";
				VALIDATE_PRODUCT = YES;
			};
			name = Release;
		};
		094BCCD92A5FEC0E0012A404 /* Debug */ = {
			isa = XCBuildConfiguration;
			buildSettings = {
				ASSETCATALOG_COMPILER_APPICON_NAME = AppIcon;
				ASSETCATALOG_COMPILER_GLOBAL_ACCENT_COLOR_NAME = AccentColor;
				CODE_SIGN_STYLE = Automatic;
				CURRENT_PROJECT_VERSION = 1;
				DEVELOPMENT_TEAM = JA7UDVTQBU;
				GENERATE_INFOPLIST_FILE = YES;
				INFOPLIST_FILE = "Na'nez/Info.plist";
				INFOPLIST_KEY_UIApplicationSupportsIndirectInputEvents = YES;
				INFOPLIST_KEY_UILaunchStoryboardName = LaunchScreen;
				INFOPLIST_KEY_UIMainStoryboardFile = Main;
				INFOPLIST_KEY_UISupportedInterfaceOrientations_iPad = "UIInterfaceOrientationPortrait UIInterfaceOrientationPortraitUpsideDown UIInterfaceOrientationLandscapeLeft UIInterfaceOrientationLandscapeRight";
				INFOPLIST_KEY_UISupportedInterfaceOrientations_iPhone = "UIInterfaceOrientationPortrait UIInterfaceOrientationLandscapeLeft UIInterfaceOrientationLandscapeRight";
				IPHONEOS_DEPLOYMENT_TARGET = 16.0;
				LD_RUNPATH_SEARCH_PATHS = (
					"$(inherited)",
					"@executable_path/Frameworks",
				);
				MARKETING_VERSION = 1.0;
				PRODUCT_BUNDLE_IDENTIFIER = "jc.Na-nez";
				PRODUCT_NAME = "$(TARGET_NAME)";
				SWIFT_EMIT_LOC_STRINGS = YES;
				SWIFT_VERSION = 5.0;
				TARGETED_DEVICE_FAMILY = "1,2";
			};
			name = Debug;
		};
		094BCCDA2A5FEC0E0012A404 /* Release */ = {
			isa = XCBuildConfiguration;
			buildSettings = {
				ASSETCATALOG_COMPILER_APPICON_NAME = AppIcon;
				ASSETCATALOG_COMPILER_GLOBAL_ACCENT_COLOR_NAME = AccentColor;
				CODE_SIGN_STYLE = Automatic;
				CURRENT_PROJECT_VERSION = 1;
				DEVELOPMENT_TEAM = JA7UDVTQBU;
				GENERATE_INFOPLIST_FILE = YES;
				INFOPLIST_FILE = "Na'nez/Info.plist";
				INFOPLIST_KEY_UIApplicationSupportsIndirectInputEvents = YES;
				INFOPLIST_KEY_UILaunchStoryboardName = LaunchScreen;
				INFOPLIST_KEY_UIMainStoryboardFile = Main;
				INFOPLIST_KEY_UISupportedInterfaceOrientations_iPad = "UIInterfaceOrientationPortrait UIInterfaceOrientationPortraitUpsideDown UIInterfaceOrientationLandscapeLeft UIInterfaceOrientationLandscapeRight";
				INFOPLIST_KEY_UISupportedInterfaceOrientations_iPhone = "UIInterfaceOrientationPortrait UIInterfaceOrientationLandscapeLeft UIInterfaceOrientationLandscapeRight";
				IPHONEOS_DEPLOYMENT_TARGET = 16.0;
				LD_RUNPATH_SEARCH_PATHS = (
					"$(inherited)",
					"@executable_path/Frameworks",
				);
				MARKETING_VERSION = 1.0;
				PRODUCT_BUNDLE_IDENTIFIER = "jc.Na-nez";
				PRODUCT_NAME = "$(TARGET_NAME)";
				SWIFT_EMIT_LOC_STRINGS = YES;
				SWIFT_VERSION = 5.0;
				TARGETED_DEVICE_FAMILY = "1,2";
			};
			name = Release;
		};
/* End XCBuildConfiguration section */

/* Begin XCConfigurationList section */
		094BCCBF2A5FEC0B0012A404 /* Build configuration list for PBXProject "Na'nez" */ = {
			isa = XCConfigurationList;
			buildConfigurations = (
				094BCCD62A5FEC0E0012A404 /* Debug */,
				094BCCD72A5FEC0E0012A404 /* Release */,
			);
			defaultConfigurationIsVisible = 0;
			defaultConfigurationName = Release;
		};
		094BCCD82A5FEC0E0012A404 /* Build configuration list for PBXNativeTarget "Na'nez" */ = {
			isa = XCConfigurationList;
			buildConfigurations = (
				094BCCD92A5FEC0E0012A404 /* Debug */,
				094BCCDA2A5FEC0E0012A404 /* Release */,
			);
			defaultConfigurationIsVisible = 0;
			defaultConfigurationName = Release;
		};
/* End XCConfigurationList section */

/* Begin XCRemoteSwiftPackageReference section */
		094BCCE22A5FF3530012A404 /* XCRemoteSwiftPackageReference "SnapKit" */ = {
			isa = XCRemoteSwiftPackageReference;
			repositoryURL = "https://github.com/SnapKit/SnapKit.git";
			requirement = {
				kind = upToNextMajorVersion;
				minimumVersion = 5.0.0;
			};
		};
		094BCCE52A5FF3680012A404 /* XCRemoteSwiftPackageReference "Then" */ = {
			isa = XCRemoteSwiftPackageReference;
			repositoryURL = "https://github.com/devxoul/Then";
			requirement = {
				kind = upToNextMajorVersion;
				minimumVersion = 3.0.0;
			};
		};
		094BCCF62A611C700012A404 /* XCRemoteSwiftPackageReference "ImageSlideshow" */ = {
			isa = XCRemoteSwiftPackageReference;
			repositoryURL = "https://github.com/zvonicek/ImageSlideshow";
			requirement = {
				kind = upToNextMajorVersion;
				minimumVersion = 1.0.0;
			};
		};
/* End XCRemoteSwiftPackageReference section */

/* Begin XCSwiftPackageProductDependency section */
		094BCCE32A5FF3530012A404 /* SnapKit */ = {
			isa = XCSwiftPackageProductDependency;
			package = 094BCCE22A5FF3530012A404 /* XCRemoteSwiftPackageReference "SnapKit" */;
			productName = SnapKit;
		};
		094BCCE62A5FF3680012A404 /* Then */ = {
			isa = XCSwiftPackageProductDependency;
			package = 094BCCE52A5FF3680012A404 /* XCRemoteSwiftPackageReference "Then" */;
			productName = Then;
		};
		094BCCF72A611C700012A404 /* ImageSlideshow */ = {
			isa = XCSwiftPackageProductDependency;
			package = 094BCCF62A611C700012A404 /* XCRemoteSwiftPackageReference "ImageSlideshow" */;
			productName = ImageSlideshow;
		};
		094BCCF92A611C700012A404 /* ImageSlideshow/Alamofire */ = {
			isa = XCSwiftPackageProductDependency;
			package = 094BCCF62A611C700012A404 /* XCRemoteSwiftPackageReference "ImageSlideshow" */;
			productName = ImageSlideshow/Alamofire;
		};
/* End XCSwiftPackageProductDependency section */
	};
	rootObject = 094BCCBC2A5FEC0B0012A404 /* Project object */;
}
